
Microsoft Visual Studio Solution File, Format Version 12.00
# Visual Studio Version 16
VisualStudioVersion = 16.0.30804.86
MinimumVisualStudioVersion = 10.0.40219.1
Project("{9A19103F-16F7-4668-BE54-9A1E7A4F7556}") = "SafeFileTransfer", "SafeFileTransfer\SafeFileTransfer.csproj", "{652BE568-8A4B-49A6-8C81-192299EA9838}"
EndProject
Global
	GlobalSection(SolutionConfigurationPlatforms) = preSolution
		Debug|Any CPU = Debug|Any CPU
		Release|Any CPU = Release|Any CPU
	EndGlobalSection
	GlobalSection(ProjectConfigurationPlatforms) = postSolution
		{652BE568-8A4B-49A6-8C81-192299EA9838}.Debug|Any CPU.ActiveCfg = Debug|Any CPU
		{652BE568-8A4B-49A6-8C81-192299EA9838}.Debug|Any CPU.Build.0 = Debug|Any CPU
		{652BE568-8A4B-49A6-8C81-192299EA9838}.Release|Any CPU.ActiveCfg = Release|Any CPU
		{652BE568-8A4B-49A6-8C81-192299EA9838}.Release|Any CPU.Build.0 = Release|Any CPU
	EndGlobalSection
	GlobalSection(SolutionProperties) = preSolution
		HideSolutionNode = FALSE
	EndGlobalSection
	GlobalSection(ExtensibilityGlobals) = postSolution
		SolutionGuid = {6C1F8900-D01C-47FF-AD2D-C847A3781662}
	EndGlobalSection
EndGlobal
